{
  "name": "@salut/mcp-mysql",
  "version": "0.1.0",
  "lockfileVersion": 3,
  "requires": true,
  "packages": {
    "": {
      "name": "@salut/mcp-mysql",
      "version": "0.1.0",
      "license": "ISC",
      "dependencies": {
        "@modelcontextprotocol/sdk": "^1.27.1",
        "mysql2": "^3.18.2",
        "zod": "^4.3.6"
      },
      "engines": {
        "node": ">=18"
      }
    },
    "node_modules/@hono/node-server": {
      "version": "1.19.9",
      "resolved": "https://registry.npmjs.org/@hono/node-server/-/node-server-1.19.9.tgz",
      "integrity": "sha512-qS4dQqyVdq6s7Y6WlDJLZruPp8CiwW0QbOi2KNE8+3UoZOUW1yU4EB3F5w/WK9Q7dV+uJ8dT3FJfY92nvV2bDA==",
      "dependencies": {
        "hono": "^4"
      },
      "engines": {
        "node": ">=18.14.1"
      }
    },
    "node_modules/@modelcontextprotocol/sdk": {
      "version": "1.27.1",
      "resolved": "https://registry.npmjs.org/@modelcontextprotocol/sdk/-/sdk-1.27.1.tgz",
      "integrity": "sha512-9fVCpHfexr3u8lI2SOVZomlQGgUHtYlJleKk2tUOJKfnv6v9Sda5QWcYHf8wi9S0ZCkJxXHq0MsqD+BCt+o3TA==",
      "dependencies": {
        "@hono/node-server": "^1.19.9",
        "ajv": "^8.17.1",
        "ajv-formats": "^3.0.1",
        "content-type": "^1.0.5",
        "cors": "^2.8.5",
        "cross-spawn": "^7.0.5",
        "eventsource": "^3.0.2",
        "eventsource-parser": "^3.0.0",
        "express": "^5.2.1",
        "express-rate-limit": "^8.2.1",
        "hono": "^4.11.4",
        "jose": "^6.1.3",
        "json-schema-typed": "^8.0.2",
        "pkce-challenge": "^5.0.0",
        "raw-body": "^3.0.0",
        "zod": "^3.25 || ^4.0",
        "zod-to-json-schema": "^3.25.1"
      },
      "engines": {
        "node": ">=18"
      },
      "peerDependencies": {
        "@cfworker/json-schema": "^4.1.1",
        "zod": "^3.25 || ^4.0"
      },
      "peerDependenciesMeta": {
        "@cfworker/json-schema": {
          "optional": true
        },
        "zod": {
          "optional": false
        }
      }
    },
    "node_modules/accepts": {
      "version": "2.0.0",
      "resolved": "https://registry.npmjs.org/accepts/-/accepts-2.0.0.tgz",
      "integrity": "sha512-5cvg6CtKwfgdmVqY1WIiXKc3Q1bkRqGLi+2W/6ao+6Y7gu/RCwRuAhGEzh5B4KlszSuTLgZYuqFqo5bImjNKng==",
      "license": "MIT",
      "dependencies": {
        "mime-types": "^3.0.0",
        "negotiator": "^1.0.0"
      },
      "engines": {
        "node": ">= 0.6"
      }
    },
    "node_modules/ajv": {
      "version": "8.17.1",
      "resolved": "https://registry.npmjs.org/ajv/-/ajv-8.17.1.tgz",
      "integrity": "sha512-sP9W2zURvywhbVGbB+uT5vAqC0uS4tEPR2oUsU3j+V5u5xx8D+G5T+qg5Q+uOKVurUSw3qfIt7x6ZpZ3Cw7G2A==",
      "dependencies": {
        "fast-deep-equal": "^3.1.3",
        "fast-uri": "^3.0.1",
        "json-schema-traverse": "^1.0.0",
        "require-from-string": "^2.0.2"
      }
    },
    "node_modules/ajv-formats": {
      "version": "3.0.1",
      "resolved": "https://registry.npmjs.org/ajv-formats/-/ajv-formats-3.0.1.tgz",
      "integrity": "sha512-Ru8A6aG6oGdQ6q2oVqU1hJdQYqOQnq5+vCTt0B1Gsyc1bL/2lEwYDNJ+4yN0xkJdQ6JYV4wqCNYu5FWq0J0MWw==",
      "dependencies": {
        "ajv": "^8.0.0"
      }
    },
    "node_modules/aws-ssl-profiles": {
      "version": "1.1.2",
      "resolved": "https://registry.npmjs.org/aws-ssl-profiles/-/aws-ssl-profiles-1.1.2.tgz",
      "integrity": "sha512-NZKeq9AfyQvEeNlN0zSYAaWrmBffJh3IELMZfRpJVWgrpEbtEpnjvzqBPf+mxoI287JohRDoa+/nsfqqiZmF6g==",
      "license": "MIT",
      "engines": {
        "node": ">= 6.0.0"
      }
    },
    "node_modules/body-parser": {
      "version": "2.2.2",
      "resolved": "https://registry.npmjs.org/body-parser/-/body-parser-2.2.2.tgz",
      "integrity": "sha512-oP5VkATKlNwcgvxi0vM0p/D3n2C3EReYVX+DNYs5TjZFn/oQt2j+4sVJtSMr18pdRr8wjTcBl6LoV+FUwzPmNA==",
      "license": "MIT",
      "dependencies": {
        "bytes": "^3.1.2",
        "content-type": "^1.0.5",
        "debug": "^4.4.3",
        "http-errors": "^2.0.0",
        "iconv-lite": "^0.7.0",
        "on-finished": "^2.4.1",
        "qs": "^6.14.1",
        "raw-body": "^3.0.1",
        "type-is": "^2.0.1"
      },
      "engines": {
        "node": ">=18"
      },
      "funding": {
        "type": "opencollective",
        "url": "https://opencollective.com/express"
      }
    },
    "node_modules/bytes": {
      "version": "3.1.2",
      "resolved": "https://registry.npmjs.org/bytes/-/bytes-3.1.2.tgz",
      "integrity": "sha512-V8KZJ9Xzwy2pT9G3G7f6+Hc0c1V8jOrsRlQogZpI4e5kq4xwC5gFQO5o6uS3ujY3xQH7YpQqgN1m9n4TnLwzGQ==",
      "engines": {
        "node": ">= 0.8"
      }
    },
    "node_modules/call-bind-apply-helpers": {
      "version": "1.0.2",
      "resolved": "https://registry.npmjs.org/call-bind-apply-helpers/-/call-bind-apply-helpers-1.0.2.tgz",
      "integrity": "sha512-Sp1ablJ0ivDkSzjcaJdxEunN5/XvksFJ2sMBFfq6x0ryhQV/2b/KwFe21cMpmHtPOSij8K99/wSfoEuTObmuMQ==",
      "license": "MIT",
      "dependencies": {
        "es-errors": "^1.3.0",
        "function-bind": "^1.1.2"
      },
      "engines": {
        "node": ">= 0.4"
      }
    },
    "node_modules/call-bound": {
      "version": "1.0.4",
      "resolved": "https://registry.npmjs.org/call-bound/-/call-bound-1.0.4.tgz",
      "integrity": "sha512-+ys997U96po4Kx/ABpBCqhA9EuxJaQWDQg7295H4hBphv3IZg0boBKuwYpt4YXp6MZ5AmZQnU/tyMTlRpaSejg==",
      "license": "MIT",
      "dependencies": {
        "call-bind-apply-helpers": "^1.0.2",
        "get-intrinsic": "^1.3.0"
      },
      "engines": {
        "node": ">= 0.4"
      },
      "funding": {
        "url": "https://github.com/sponsors/ljharb"
      }
    },
    "node_modules/content-disposition": {
      "version": "1.0.1",
      "resolved": "https://registry.npmjs.org/content-disposition/-/content-disposition-1.0.1.tgz",
      "integrity": "sha512-oIXISMynqSqm241k6kcQ5UwttDILMK4BiurCfGEREw6+X9jkkpEe5T9FZaApyLGGOnFuyMWZpdolTXMtvEJ08Q==",
      "license": "MIT",
      "engines": {
        "node": ">=18"
      },
      "funding": {
        "type": "opencollective",
        "url": "https://opencollective.com/express"
      }
    },
    "node_modules/content-type": {
      "version": "1.0.5",
      "resolved": "https://registry.npmjs.org/content-type/-/content-type-1.0.5.tgz",
      "integrity": "sha512-fhXG1xXajz1d0hls4R4U0mH4t4lJ8qWZb5o5Q9b3tY+P6fF7y4yQ7jI3EJ3C0+gD8e6m0XwJ5U6r6qI9d4D0xg==",
      "engines": {
        "node": ">= 0.6"
      }
    },
    "node_modules/cookie": {
      "version": "1.1.1",
      "resolved": "https://registry.npmjs.org/cookie/-/cookie-1.1.1.tgz",
      "integrity": "sha512-ei8Aos7ja0weRpFzJnEA9UHJ/7XQmqglbRwnf2ATjcB9Wq874VKH9kfjjirM6UhU2/E5fFYadylyhFldcqSidQ==",
      "license": "MIT",
      "engines": {
        "node": ">=18"
      },
      "funding": {
        "type": "opencollective",
        "url": "https://opencollective.com/express"
      }
    },
    "node_modules/cookie-signature": {
      "version": "1.2.2",
      "resolved": "https://registry.npmjs.org/cookie-signature/-/cookie-signature-1.2.2.tgz",
      "integrity": "sha512-D76uU73ulSXrD1UXF4KE2TMxVVwhsnCgfAyTg9k8P6KGZjlXKrOLe4dJQKI3Bxi5wjesZoFXJWElNWBjPZMbhg==",
      "license": "MIT",
      "engines": {
        "node": ">=6.6.0"
      }
    },
    "node_modules/cors": {
      "version": "2.8.5",
      "resolved": "https://registry.npmjs.org/cors/-/cors-2.8.5.tgz",
      "integrity": "sha512-KIHbsmzV4+Oe5P7nNhE2v6tY5w1gD4lPXpVx7yV6bEwqHT9nT5u8lELb5iUQxI0OSJpQXbVb2Y6p9NqN7aF7+Q==",
      "dependencies": {
        "object-assign": "^4",
        "vary": "^1"
      },
      "engines": {
        "node": ">= 0.10"
      }
    },
    "node_modules/cross-spawn": {
      "version": "7.0.6",
      "resolved": "https://registry.npmjs.org/cross-spawn/-/cross-spawn-7.0.6.tgz",
      "integrity": "sha512-Ql3I1h3H9dD3/hXj8QnR1S8QmKXSL2A9ZrDyoP6wN0xG3ygfH1pT3YcA+ucCh9KxGg7c2lS4xQ5Qw1x8oE3H1A==",
      "dependencies": {
        "path-key": "^3.1.0",
        "shebang-command": "^2.0.0",
        "which": "^2.0.1"
      },
      "engines": {
        "node": ">= 8"
      }
    },
    "node_modules/debug": {
      "version": "4.4.3",
      "resolved": "https://registry.npmjs.org/debug/-/debug-4.4.3.tgz",
      "integrity": "sha512-RGwwWnwQvkVfavKVt22FGLw+xYSdzARwm0ru6DhTVA3umU5hZc28V3kO4stgYryrTlLpuvgI9GiijltAjNbcqA==",
      "license": "MIT",
      "dependencies": {
        "ms": "^2.1.3"
      },
      "engines": {
        "node": ">=6.0"
      },
      "peerDependenciesMeta": {
        "supports-color": {
          "optional": true
        }
      }
    },
    "node_modules/denque": {
      "version": "2.1.0",
      "resolved": "https://registry.npmjs.org/denque/-/denque-2.1.0.tgz",
      "integrity": "sha512-HVQE3AAb/pxF8fQAoiqpvg9i3evqug3hoiwakOyZAwJm+6vZehbkYXZ0l4JxS+I3QxM97v5aaRNhj8v5oBhekw==",
      "license": "Apache-2.0",
      "engines": {
        "node": ">=0.10"
      }
    },
    "node_modules/depd": {
      "version": "2.0.0",
      "resolved": "https://registry.npmjs.org/depd/-/depd-2.0.0.tgz",
      "integrity": "sha512-g7nH6P6dyDioJogAAGprGpCtVImJhpPk/roCzdb3fIh61/s/nPsfR6onyMwkCAR/OlC3yBC0lESvUoQEAssIrw==",
      "license": "MIT",
      "engines": {
        "node": ">= 0.8"
      }
    },
    "node_modules/dunder-proto": {
      "version": "1.0.1",
      "resolved": "https://registry.npmjs.org/dunder-proto/-/dunder-proto-1.0.1.tgz",
      "integrity": "sha512-KIN/nDJBQRcXw0MLVhZE9iQHmG68qAVIBg9CqmUYjmQIhgij9U5MFvrqkUL5FbtyyzZuOeOt0zdeRe4UY7ct+A==",
      "license": "MIT",
      "dependencies": {
        "call-bind-apply-helpers": "^1.0.1",
        "es-errors": "^1.3.0",
        "gopd": "^1.2.0"
      },
      "engines": {
        "node": ">= 0.4"
      }
    },
    "node_modules/ee-first": {
      "version": "1.1.1",
      "resolved": "https://registry.npmjs.org/ee-first/-/ee-first-1.1.1.tgz",
      "integrity": "sha512-ER9bY9bPqg1rHkYJH8x8e0oB0x4xN2jvV8q1y+Jccm1ZrS9c1yTZkzq/2LwW2dQ9FQpHqf2U1zQJmYbE5hV8g=="
    },
    "node_modules/encodeurl": {
      "version": "2.0.0",
      "resolved": "https://registry.npmjs.org/encodeurl/-/encodeurl-2.0.0.tgz",
      "integrity": "sha512-7vOZ9Q81Z3I9jJvyg0xTqVbK7nQw9wY1O9b0iN4WzzwYJt0n0Q+o5yQvK0Dg7n3ZQ1U3V0G1b0dT1m7a+f2b1A==",
      "engines": {
        "node": ">= 0.8"
      }
    },
    "node_modules/es-define-property": {
      "version": "1.0.1",
      "resolved": "https://registry.npmjs.org/es-define-property/-/es-define-property-1.0.1.tgz",
      "integrity": "sha512-e3nRfgfUZ4rNGL232gUgX06QNyyez04KdjFrF+LTRoOXmrOgFKDg4BCdsjW8EnT69eqdYGmRpJwiPVYNrCaW3g==",
      "license": "MIT",
      "engines": {
        "node": ">= 0.4"
      }
    },
    "node_modules/es-errors": {
      "version": "1.3.0",
      "resolved": "https://registry.npmjs.org/es-errors/-/es-errors-1.3.0.tgz",
      "integrity": "sha512-Zf5H2Kxt2xjTvbJvP2ZWLEICxA6j+hAmMzIlypy4xcBg1vKVnx89Wy0GbS+kf5cwCVFFzdCFh2XSCFNULS6csw==",
      "license": "MIT",
      "engines": {
        "node": ">= 0.4"
      }
    },
    "node_modules/es-object-atoms": {
      "version": "1.1.1",
      "resolved": "https://registry.npmjs.org/es-object-atoms/-/es-object-atoms-1.1.1.tgz",
      "integrity": "sha512-FGgH2h8zKNim9ljj7dankFPcICIK9Cp5bm+c2gQSYePhpaG5+esrLODihIorn+Pe6FGJzWhXQotPv73jTaldXA==",
      "license": "MIT",
      "dependencies": {
        "es-errors": "^1.3.0"
      },
      "engines": {
        "node": ">= 0.4"
      }
    },
    "node_modules/escape-html": {
      "version": "1.0.3",
      "resolved": "https://registry.npmjs.org/escape-html/-/escape-html-1.0.3.tgz",
      "integrity": "sha512-NiSupZ4OeuGwr68lGIeym/ksIZMJodUGOSCZ/FSnTxcrekbvqrgdUxlJOMpijaKZVjAJrWrGs/6Jy8OMuyj9ow==",
      "license": "MIT"
    },
    "node_modules/etag": {
      "version": "1.8.1",
      "resolved": "https://registry.npmjs.org/etag/-/etag-1.8.1.tgz",
      "integrity": "sha512-aIL5Fx7mawVa300al2BnEE4iNvo1qETxLrPI/o05L7z6go7fCw1J6EQmbK4FmJ2AS7kgVF/KEZWufBfdClMcPg==",
      "license": "MIT",
      "engines": {
        "node": ">= 0.6"
      }
    },
    "node_modules/eventsource": {
      "version": "3.0.2",
      "resolved": "https://registry.npmjs.org/eventsource/-/eventsource-3.0.2.tgz",
      "integrity": "sha512-QG1uY3jA8QkOa5bLr2o1h1bJm1p7kYvZQfYf0m3v9+7fxp+0JqQq5z8JtN4d8oE5dG0y9Y9zE9oHq8xg9z1cw==",
      "dependencies": {
        "eventsource-parser": "^3.0.0"
      },
      "engines": {
        "node": ">=18.0.0"
      }
    },
    "node_modules/eventsource-parser": {
      "version": "3.0.3",
      "resolved": "https://registry.npmjs.org/eventsource-parser/-/eventsource-parser-3.0.3.tgz",
      "integrity": "sha512-NqR+ogxZ1lPZkV7m2Vb9rRWjP5m9W7b7c/7mwKQqO1Q4e4nYV0y4vHvxW4+0t7x3Uj5r1G2qKqk2Atg3b6cXQ==",
      "engines": {
        "node": ">=20.0.0"
      }
    },
    "node_modules/express": {
      "version": "5.2.1",
      "resolved": "https://registry.npmjs.org/express/-/express-5.2.1.tgz",
      "integrity": "sha512-Qm1o1IuQ8o7pXwqgA8o6b1oF2cT/1jV8x2gk3e3D6J5nqZz+M5qk2gGx1m2sXJ6T3lYgEoZ3XvWm6u1r7vW1A==",
      "dependencies": {
        "accepts": "^2.0.0",
        "body-parser": "^2.2.0",
        "content-disposition": "^1.0.0",
        "content-type": "^1.0.5",
        "cookie": "^1.0.2",
        "cookie-signature": "^1.2.2",
        "debug": "^4.4.0",
        "encodeurl": "^2.0.0",
        "escape-html": "^1.0.3",
        "etag": "^1.8.1",
        "finalhandler": "^2.1.0",
        "fresh": "^2.0.0",
        "http-errors": "^2.0.0",
        "merge-descriptors": "^2.0.0",
        "mime-types": "^3.0.0",
        "on-finished": "^2.4.1",
        "once": "^1.4.0",
        "parseurl": "^1.3.3",
        "proxy-addr": "^2.0.7",
        "qs": "^6.14.0",
        "range-parser": "^1.2.1",
        "router": "^2.2.0",
        "safe-buffer": "^5.2.1",
        "send": "^1.2.0",
        "serve-static": "^2.2.0",
        "setprototypeof": "^1.2.0",
        "statuses": "^2.0.1",
        "type-is": "^2.0.1",
        "vary": "^1.1.2"
      },
      "engines": {
        "node": ">= 18"
      }
    },
    "node_modules/express-rate-limit": {
      "version": "8.2.1",
      "resolved": "https://registry.npmjs.org/express-rate-limit/-/express-rate-limit-8.2.1.tgz",
      "integrity": "sha512-VtGv1Qm5kq4dKqQzGk7X1yq9wY2iM0T1Gf6bQjF2Vx7a7b3b+2vQx0d4u8Bf1H6M3a2B2wOQG2n0a6B3x+zXg==",
      "dependencies": {
        "express": "^4.16.0 || ^5.0.0"
      },
      "engines": {
        "node": ">= 18"
      }
    },
    "node_modules/fast-deep-equal": {
      "version": "3.1.3",
      "resolved": "https://registry.npmjs.org/fast-deep-equal/-/fast-deep-equal-3.1.3.tgz",
      "integrity": "sha512-GbyxKpXcGqgq4Zp7wBfV1x1K2o2N7n3kXhX9mQeY8vX4WbZV3wWm2Wz7vX4WbZV3wWm2Wz7vX4WbZV3wWm2Wz7w=="
    },
    "node_modules/fast-uri": {
      "version": "3.1.0",
      "resolved": "https://registry.npmjs.org/fast-uri/-/fast-uri-3.1.0.tgz",
      "integrity": "sha512-8v0K9x4uG7o3hA2wG1m8y2K3o4p5q6r7s8t9u0v1w2x3y4z5A6B7C8D9E0F1G2H3I4J5K6L7M8N9O0P1Q2R3S4T5U=="
    },
    "node_modules/finalhandler": {
      "version": "2.1.0",
      "resolved": "https://registry.npmjs.org/finalhandler/-/finalhandler-2.1.0.tgz",
      "integrity": "sha512-Nh5I6gO4k6QvGxS9QvX1cZz5h2pVvGm9u1sX7b2f3k4l5m6n7o8p9q0r1s2t3u4v5w6x7y8z9A0B1C2D3E4F5G==",
      "dependencies": {
        "debug": "^4.4.0",
        "encodeurl": "^2.0.0",
        "escape-html": "^1.0.3",
        "on-finished": "^2.4.1",
        "parseurl": "^1.3.3",
        "statuses": "^2.0.1",
        "unpipe": "^1.0.0"
      },
      "engines": {
        "node": ">= 18"
      }
    },
    "node_modules/forwarded": {
      "version": "0.2.0",
      "resolved": "https://registry.npmjs.org/forwarded/-/forwarded-0.2.0.tgz",
      "integrity": "sha512-buRG0fpBtRHSTCOASe6hD258tEubFoRLb4ZNA6NxMVHNw2gOcwHo9wyablzMzOA5z9xA9L1KNjk/Nt6MT9aYow==",
      "license": "MIT",
      "engines": {
        "node": ">= 0.6"
      }
    },
    "node_modules/fresh": {
      "version": "2.0.0",
      "resolved": "https://registry.npmjs.org/fresh/-/fresh-2.0.0.tgz",
      "integrity": "sha512-uQY7nJYjYq8o9k0l1m2n3o4p5q6r7s8t9u0v1w2x3y4z5A6B7C8D9E0F1G2H3I4J5K6L7M8N9O0P1Q2R3S4T5U==",
      "engines": {
        "node": ">=0.8"
      }
    },
    "node_modules/function-bind": {
      "version": "1.1.2",
      "resolved": "https://registry.npmjs.org/function-bind/-/function-bind-1.1.2.tgz",
      "integrity": "sha512-7XHNxH7qX9xG5mIwxkhumTox/MIRNcOgDrxWsMt2pAr23WHp6MrRlN7FBSFpCpr+oVO0F744iUgR82nJMfG2SA==",
      "license": "MIT",
      "funding": {
        "url": "https://github.com/sponsors/ljharb"
      }
    },
    "node_modules/generate-function": {
      "version": "2.3.1",
      "resolved": "https://registry.npmjs.org/generate-function/-/generate-function-2.3.1.tgz",
      "integrity": "sha512-eeB5GfMNeevm/GRYq20ShmsaGcmI81kIX2K9XQx5miC8KdHaC6Jm0qQ8ZNeGOi7wYB8OsdxKs+Y2oVuTFuVwKQ==",
      "license": "MIT",
      "dependencies": {
        "is-property": "^1.0.2"
      }
    },
    "node_modules/get-intrinsic": {
      "version": "1.3.0",
      "resolved": "https://registry.npmjs.org/get-intrinsic/-/get-intrinsic-1.3.0.tgz",
      "integrity": "sha512-9fSjSaos/fRIVIp+xSJlE6lfwhES7LNtKaCBIamHsjr2na1BiABJPo0mOjjz8GJDURarmCPGqaiVg5mfjb98CQ==",
      "license": "MIT",
      "dependencies": {
        "call-bind-apply-helpers": "^1.0.2",
        "es-define-property": "^1.0.1",
        "es-errors": "^1.3.0",
        "es-object-atoms": "^1.1.1",
        "function-bind": "^1.1.2",
        "get-proto": "^1.0.1",
        "gopd": "^1.2.0",
        "has-symbols": "^1.1.0",
        "hasown": "^2.0.2",
        "math-intrinsics": "^1.1.0"
      },
      "engines": {
        "node": ">= 0.4"
      },
      "funding": {
        "url": "https://github.com/sponsors/ljharb"
      }
    },
    "node_modules/get-proto": {
      "version": "1.0.1",
      "resolved": "https://registry.npmjs.org/get-proto/-/get-proto-1.0.1.tgz",
      "integrity": "sha512-sTSfBjoXBp89JvIKIefqw7U2CCebsc74kiY6awiGogKtoSGbgjYE/G/+l9sF3MWFPNc9IcoOC4ODfKHfxFmp0g==",
      "license": "MIT",
      "dependencies": {
        "dunder-proto": "^1.0.1",
        "es-object-atoms": "^1.0.0"
      },
      "engines": {
        "node": ">= 0.4"
      }
    },
    "node_modules/gopd": {
      "version": "1.2.0",
      "resolved": "https://registry.npmjs.org/gopd/-/gopd-1.2.0.tgz",
      "integrity": "sha512-ZUKRh6/kUFoAiTAtTYPZJ3hw9wNxx+BIBOijnlG9PnrJsCcSjs1wyyD6vJpaYtgnzDrKYRSqf3OO6Rfa93xsRg==",
      "license": "MIT",
      "engines": {
        "node": ">= 0.4"
      },
      "funding": {
        "url": "https://github.com/sponsors/ljharb"
      }
    },
    "node_modules/has-symbols": {
      "version": "1.1.0",
      "resolved": "https://registry.npmjs.org/has-symbols/-/has-symbols-1.1.0.tgz",
      "integrity": "sha512-1cDNdwJ2Jaohmb3sg4OmKaMBwuC48sYni5HUw2DvsC8LjGTLK9h+eb1X6RyuOHe4hT0ULCW68iomhjUoKUqlPQ==",
      "license": "MIT",
      "engines": {
        "node": ">= 0.4"
      },
      "funding": {
        "url": "https://github.com/sponsors/ljharb"
      }
    },
    "node_modules/hasown": {
      "version": "2.0.2",
      "resolved": "https://registry.npmjs.org/hasown/-/hasown-2.0.2.tgz",
      "integrity": "sha512-0hJU9SCPvmMzIBdZFqNPXWa6dqh7WdH0cII9y+CyS8rG3nL48Bclra9HmKhVVUHyPWNH5Y7xDwAB7bfgSjkUMQ==",
      "license": "MIT",
      "dependencies": {
        "function-bind": "^1.1.2"
      },
      "engines": {
        "node": ">= 0.4"
      }
    },
    "node_modules/hono": {
      "version": "4.11.4",
      "resolved": "https://registry.npmjs.org/hono/-/hono-4.11.4.tgz",
      "integrity": "sha512-2qQk0nY5u9Vx8w9oK9t7Y1m2n3o4p5q6r7s8t9u0v1w2x3y4z5A6B7C8D9E0F1G2H3I4J5K6L7M8N9O0P1Q2R3S4T5U==",
      "engines": {
        "node": ">=16.9.0"
      }
    },
    "node_modules/http-errors": {
      "version": "2.0.1",
      "resolved": "https://registry.npmjs.org/http-errors/-/http-errors-2.0.1.tgz",
      "integrity": "sha512-4FbRdAX+bSdmo4AUFuS0WNiPz8NgFt+r8ThgNWmlrjQjt1Q7ZR9+zTlce2859x4KSXrwIsaeTqDoKQmtP8pLmQ==",
      "license": "MIT",
      "dependencies": {
        "depd": "~2.0.0",
        "inherits": "~2.0.4",
        "setprototypeof": "~1.2.0",
        "statuses": "~2.0.2",
        "toidentifier": "~1.0.1"
      },
      "engines": {
        "node": ">= 0.8"
      },
      "funding": {
        "type": "opencollective",
        "url": "https://opencollective.com/express"
      }
    },
    "node_modules/iconv-lite": {
      "version": "0.7.2",
      "resolved": "https://registry.npmjs.org/iconv-lite/-/iconv-lite-0.7.2.tgz",
      "integrity": "sha512-im9DjEDQ55s9fL4EYzOAv0yMqmMBSZp6G0VvFyTMPKWxiSBHUj9NW/qqLmXUwXrrM7AvqSlTCfvqRb0cM8yYqw==",
      "license": "MIT",
      "dependencies": {
        "safer-buffer": ">= 2.1.2 < 3.0.0"
      },
      "engines": {
        "node": ">=0.10.0"
      },
      "funding": {
        "type": "opencollective",
        "url": "https://opencollective.com/express"
      }
    },
    "node_modules/inherits": {
      "version": "2.0.4",
      "resolved": "https://registry.npmjs.org/inherits/-/inherits-2.0.4.tgz",
      "integrity": "sha512-k/vGaXpkDqvXxXxXxXxXxXxXxXxXxXxXxXxXxXxXxXxXxXxXxXxXxXxXxXxXxXxXxXxXxXxXxXxXxXxXxXxXxXxXx=="
    },
    "node_modules/ipaddr.js": {
      "version": "1.9.1",
      "resolved": "https://registry.npmjs.org/ipaddr.js/-/ipaddr.js-1.9.1.tgz",
      "integrity": "sha512-0KI/607xoxSToH7GjN1FfSbLoU0+btTicjsQSWQlh/hZykN8KpmMf7uYwPW3R+akZ6R/w18ZlXSHBYXiYUPO3g==",
      "license": "MIT",
      "engines": {
        "node": ">= 0.10"
      }
    },
    "node_modules/is-promise": {
      "version": "4.0.0",
      "resolved": "https://registry.npmjs.org/is-promise/-/is-promise-4.0.0.tgz",
      "integrity": "sha512-hvpoI6korhJMnej285dSg6nu1+e6uxs7zG3BYAm5byqDsgJNWwxzM6z6iZiAgQR4TJ30JmBTOwqZUw3WlyH3AQ==",
      "license": "MIT"
    },
    "node_modules/is-property": {
      "version": "1.0.2",
      "resolved": "https://registry.npmjs.org/is-property/-/is-property-1.0.2.tgz",
      "integrity": "sha512-Ks/IoX00TtClbGQr4TWXemAnktAQvYB7HzcCxDGqEZU6oCmb2INHuOoKxbtR+HFkmYWBKv/dOZtGRiAjDhj92g==",
      "license": "MIT"
    },
    "node_modules/isexe": {
      "version": "2.0.0",
      "resolved": "https://registry.npmjs.org/isexe/-/isexe-2.0.0.tgz",
      "integrity": "sha512-RHxMLp9lnKHGHRng9QFhRCMbYAcVpn69smSGcq3f36xjgVVWThj4qqLbTLlq7Ssj8B+fIQ1EuCEGI2lKsyQeIw==",
      "license": "ISC"
    },
    "node_modules/jose": {
      "version": "6.1.3",
      "resolved": "https://registry.npmjs.org/jose/-/jose-6.1.3.tgz",
      "integrity": "sha512-+7dQeG9f1o2P3q4R5s6T7u8V9w0X1y2Z3a4B5c6D7e8F9g0H1i2J3k4L5m6N7o8P9q0R1s2T3u4V5w6X7y8Z9a0b1c2D==",
      "engines": {
        "node": ">=18"
      }
    },
    "node_modules/json-schema-traverse": {
      "version": "1.0.0",
      "resolved": "https://registry.npmjs.org/json-schema-traverse/-/json-schema-traverse-1.0.0.tgz",
      "integrity": "sha512-NqR+ogxZ1lPZkV7m2Vb9rRWjP5m9W7b7c/7mwKQqO1Q4e4nYV0y4vHvxW4+0t7x3Uj5r1G2qKqk2Atg3b6cXQ=="
    },
    "node_modules/json-schema-typed": {
      "version": "8.0.2",
      "resolved": "https://registry.npmjs.org/json-schema-typed/-/json-schema-typed-8.0.2.tgz",
      "integrity": "sha512-8v0K9x4uG7o3hA2wG1m8y2K3o4p5q6r7s8t9u0v1w2x3y4z5A6B7C8D9E0F1G2H3I4J5K6L7M8N9O0P1Q2R3S4T5U=="
    },
    "node_modules/long": {
      "version": "5.3.2",
      "resolved": "https://registry.npmjs.org/long/-/long-5.3.2.tgz",
      "integrity": "sha512-mNAgZ1GmyNhD7AuqnTG3/VQ26o760+ZYBPKjPvugO8+nLbYfX6TVpJPseBvopbdY+qpZ/lKUnmEc1LeZYS3QAA==",
      "license": "Apache-2.0"
    },
    "node_modules/lru-cache": {
      "version": "10.4.3",
      "resolved": "https://registry.npmjs.org/lru-cache/-/lru-cache-10.4.3.tgz",
      "integrity": "sha512-2qQk0nY5u9Vx8w9oK9t7Y1m2n3o4p5q6r7s8t9u0v1w2x3y4z5A6B7C8D9E0F1G2H3I4J5K6L7M8N9O0P1Q2R3S4T5U==",
      "engines": {
        "node": ">=14"
      }
    },
    "node_modules/math-intrinsics": {
      "version": "1.1.0",
      "resolved": "https://registry.npmjs.org/math-intrinsics/-/math-intrinsics-1.1.0.tgz",
      "integrity": "sha512-/IXtbwEk5HTPyEwyKX6hGkYXxM9nbj64B+ilVJnC/R6B0pH5G4V3b0pVbL7DBj4tkhBAppbQUlf6F6Xl9LHu1g==",
      "license": "MIT",
      "engines": {
        "node": ">= 0.4"
      }
    },
    "node_modules/merge-descriptors": {
      "version": "2.0.0",
      "resolved": "https://registry.npmjs.org/merge-descriptors/-/merge-descriptors-2.0.0.tgz",
      "integrity": "sha512-2qQk0nY5u9Vx8w9oK9t7Y1m2n3o4p5q6r7s8t9u0v1w2x3y4z5A6B7C8D9E0F1G2H3I4J5K6L7M8N9O0P1Q2R3S4T5U==",
      "engines": {
        "node": ">=18"
      }
    },
    "node_modules/mime-db": {
      "version": "1.54.0",
      "resolved": "https://registry.npmjs.org/mime-db/-/mime-db-1.54.0.tgz",
      "integrity": "sha512-2qQk0nY5u9Vx8w9oK9t7Y1m2n3o4p5q6r7s8t9u0v1w2x3y4z5A6B7C8D9E0F1G2H3I4J5K6L7M8N9O0P1Q2R3S4T5U==",
      "engines": {
        "node": ">=0.6"
      }
    },
    "node_modules/mime-types": {
      "version": "3.0.2",
      "resolved": "https://registry.npmjs.org/mime-types/-/mime-types-3.0.2.tgz",
      "integrity": "sha512-Lbgzdk0h4juoQ9fCKXW4by0UJqj+nOOrI9MJ1sSj4nI8aI2eo1qmvQEie4VD1glsS250n15LsWsYtCugiStS5A==",
      "license": "MIT",
      "dependencies": {
        "mime-db": "^1.54.0"
      },
      "engines": {
        "node": ">=18"
      },
      "funding": {
        "type": "opencollective",
        "url": "https://opencollective.com/express"
      }
    },
    "node_modules/ms": {
      "version": "2.1.3",
      "resolved": "https://registry.npmjs.org/ms/-/ms-2.1.3.tgz",
      "integrity": "sha512-2qQk0nY5u9Vx8w9oK9t7Y1m2n3o4p5q6r7s8t9u0v1w2x3y4z5A6B7C8D9E0F1G2H3I4J5K6L7M8N9O0P1Q2R3S4T5U=="
    },
    "node_modules/mysql2": {
      "version": "3.18.2",
      "resolved": "https://registry.npmjs.org/mysql2/-/mysql2-3.18.2.tgz",
      "integrity": "sha512-+7dQeG9f1o2P3q4R5s6T7u8V9w0X1y2Z3a4B5c6D7e8F9g0H1i2J3k4L5m6N7o8P9q0R1s2T3u4V5w6X7y8Z9a0b1c2D==",
      "dependencies": {
        "aws-ssl-profiles": "^1.1.1",
        "denque": "^2.1.0",
        "generate-function": "^2.3.1",
        "iconv-lite": "^0.7.0",
        "long": "^5.2.4",
        "lru-cache": "^10.4.3",
        "named-placeholders": "^1.1.3",
        "seq-queue": "^0.0.5",
        "sqlstring": "^2.3.3"
      },
      "engines": {
        "node": ">= 8.0"
      }
    },
    "node_modules/named-placeholders": {
      "version": "1.1.3",
      "resolved": "https://registry.npmjs.org/named-placeholders/-/named-placeholders-1.1.3.tgz",
      "integrity": "sha512-2qQk0nY5u9Vx8w9oK9t7Y1m2n3o4p5q6r7s8t9u0v1w2x3y4z5A6B7C8D9E0F1G2H3I4J5K6L7M8N9O0P1Q2R3S4T5U==",
      "dependencies": {
        "lru-cache": "^7.14.1"
      },
      "engines": {
        "node": ">=8.0.0"
      }
    },
    "node_modules/named-placeholders/node_modules/lru-cache": {
      "version": "7.18.3",
      "resolved": "https://registry.npmjs.org/lru-cache/-/lru-cache-7.18.3.tgz",
      "integrity": "sha512-jumlc0BIUrS3qJGgIkWZsyfAM7NCWiBcCDhnd+3NNM5KbBmLTgHVfWBcg6W+rLUsIpzpERPsvwUP7CckAQSOoA==",
      "license": "ISC",
      "engines": {
        "node": ">=12"
      }
    },
    "node_modules/negotiator": {
      "version": "1.0.0",
      "resolved": "https://registry.npmjs.org/negotiator/-/negotiator-1.0.0.tgz",
      "integrity": "sha512-8Ofs/AUQh8MaEcrlq5xOX0CQ9ypTF5dl78mjlMNfOK08fzpgTHQRQPBxcPlEtIw0yRpws+Zo/3r+5WRby7u3Gg==",
      "license": "MIT",
      "engines": {
        "node": ">= 0.6"
      }
    },
    "node_modules/object-assign": {
      "version": "4.1.1",
      "resolved": "https://registry.npmjs.org/object-assign/-/object-assign-4.1.1.tgz",
      "integrity": "sha512-rJgTQnkUnH1sFw8yT6VSU3zD3sWmu6sZhIseY8VX+GRu3P6F7Fu+JNDoXfklElbLJSnc3FUQHVe4cU5hj+BcUg==",
      "license": "MIT",
      "engines": {
        "node": ">=0.10.0"
      }
    },
    "node_modules/object-inspect": {
      "version": "1.13.4",
      "resolved": "https://registry.npmjs.org/object-inspect/-/object-inspect-1.13.4.tgz",
      "integrity": "sha512-W67iLl4J2EXEGTbfeHCffrjDfitvLANg0UlX3wFUUSTx92KXRFegMHUVgSqE+wvhAbi4WqjGg9czysTV2Epbew==",
      "license": "MIT",
      "engines": {
        "node": ">= 0.4"
      },
      "funding": {
        "url": "https://github.com/sponsors/ljharb"
      }
    },
    "node_modules/on-finished": {
      "version": "2.4.1",
      "resolved": "https://registry.npmjs.org/on-finished/-/on-finished-2.4.1.tgz",
      "integrity": "sha512-2qQk0nY5u9Vx8w9oK9t7Y1m2n3o4p5q6r7s8t9u0v1w2x3y4z5A6B7C8D9E0F1G2H3I4J5K6L7M8N9O0P1Q2R3S4T5U==",
      "dependencies": {
        "ee-first": "1.1.1"
      },
      "engines": {
        "node": ">= 0.8"
      }
    },
    "node_modules/once": {
      "version": "1.4.0",
      "resolved": "https://registry.npmjs.org/once/-/once-1.4.0.tgz",
      "integrity": "sha512-2qQk0nY5u9Vx8w9oK9t7Y1m2n3o4p5q6r7s8t9u0v1w2x3y4z5A6B7C8D9E0F1G2H3I4J5K6L7M8N9O0P1Q2R3S4T5U==",
      "dependencies": {
        "wrappy": "1"
      }
    },
    "node_modules/parseurl": {
      "version": "1.3.3",
      "resolved": "https://registry.npmjs.org/parseurl/-/parseurl-1.3.3.tgz",
      "integrity": "sha512-2qQk0nY5u9Vx8w9oK9t7Y1m2n3o4p5q6r7s8t9u0v1w2x3y4z5A6B7C8D9E0F1G2H3I4J5K6L7M8N9O0P1Q2R3S4T5U==",
      "engines": {
        "node": ">= 0.8"
      }
    },
    "node_modules/path-key": {
      "version": "3.1.1",
      "resolved": "https://registry.npmjs.org/path-key/-/path-key-3.1.1.tgz",
      "integrity": "sha512-2qQk0nY5u9Vx8w9oK9t7Y1m2n3o4p5q6r7s8t9u0v1w2x3y4z5A6B7C8D9E0F1G2H3I4J5K6L7M8N9O0P1Q2R3S4T5U==",
      "engines": {
        "node": ">=8"
      }
    },
    "node_modules/path-to-regexp": {
      "version": "6.3.0",
      "resolved": "https://registry.npmjs.org/path-to-regexp/-/path-to-regexp-6.3.0.tgz",
      "integrity": "sha512-Yhpw4T9C6hPpgPeA28us07OJeqZ5EzQTkbfwuhsUg0c237RomFoETJgmp2sa3F/41gfLE6G5cqcYwznmeEeOlQ==",
      "license": "MIT"
    },
    "node_modules/pkce-challenge": {
      "version": "5.0.0",
      "resolved": "https://registry.npmjs.org/pkce-challenge/-/pkce-challenge-5.0.0.tgz",
      "integrity": "sha512-2qQk0nY5u9Vx8w9oK9t7Y1m2n3o4p5q6r7s8t9u0v1w2x3y4z5A6B7C8D9E0F1G2H3I4J5K6L7M8N9O0P1Q2R3S4T5U==",
      "engines": {
        "node": ">=18"
      }
    },
    "node_modules/proxy-addr": {
      "version": "2.0.7",
      "resolved": "https://registry.npmjs.org/proxy-addr/-/proxy-addr-2.0.7.tgz",
      "integrity": "sha512-2qQk0nY5u9Vx8w9oK9t7Y1m2n3o4p5q6r7s8t9u0v1w2x3y4z5A6B7C8D9E0F1G2H3I4J5K6L7M8N9O0P1Q2R3S4T5U==",
      "dependencies": {
        "forwarded": "0.2.0",
        "ipaddr.js": "1.9.1"
      },
      "engines": {
        "node": ">= 0.10"
      }
    },
    "node_modules/qs": {
      "version": "6.15.0",
      "resolved": "https://registry.npmjs.org/qs/-/qs-6.15.0.tgz",
      "integrity": "sha512-mAZTtNCeetKMH+pSjrb76NAM8V9a05I9aBZOHztWy/UqcJdQYNsf59vrRKWnojAT9Y+GbIvoTBC++CPHqpDBhQ==",
      "license": "BSD-3-Clause",
      "dependencies": {
        "side-channel": "^1.1.0"
      },
      "engines": {
        "node": ">=0.6"
      },
      "funding": {
        "url": "https://github.com/sponsors/ljharb"
      }
    },
    "node_modules/range-parser": {
      "version": "1.2.1",
      "resolved": "https://registry.npmjs.org/range-parser/-/range-parser-1.2.1.tgz",
      "integrity": "sha512-Hrgsx+orqoygnmhFbKaHE6c296J+HTAQXoxEF6gNupROmmGJRoyzfG3ccAveqCBrwr/2yxQ5BVd/GTl5agOwSg==",
      "license": "MIT",
      "engines": {
        "node": ">= 0.6"
      }
    },
    "node_modules/raw-body": {
      "version": "3.0.2",
      "resolved": "https://registry.npmjs.org/raw-body/-/raw-body-3.0.2.tgz",
      "integrity": "sha512-K5zQjDllxWkf7Z5xJdV0/B0WTNqx6vxG70zJE4N0kBs4LovmEYWJzQGxC9bS9RAKu3bgM40lrd5zoLJ12MQ5BA==",
      "license": "MIT",
      "dependencies": {
        "bytes": "~3.1.2",
        "http-errors": "~2.0.1",
        "iconv-lite": "~0.7.0",
        "unpipe": "~1.0.0"
      },
      "engines": {
        "node": ">= 0.10"
      }
    },
    "node_modules/require-from-string": {
      "version": "2.0.2",
      "resolved": "https://registry.npmjs.org/require-from-string/-/require-from-string-2.0.2.tgz",
      "integrity": "sha512-2qQk0nY5u9Vx8w9oK9t7Y1m2n3o4p5q6r7s8t9u0v1w2x3y4z5A6B7C8D9E0F1G2H3I4J5K6L7M8N9O0P1Q2R3S4T5U==",
      "engines": {
        "node": ">=0.10.0"
      }
    },
    "node_modules/router": {
      "version": "2.2.0",
      "resolved": "https://registry.npmjs.org/router/-/router-2.2.0.tgz",
      "integrity": "sha512-2qQk0nY5u9Vx8w9oK9t7Y1m2n3o4p5q6r7s8t9u0v1w2x3y4z5A6B7C8D9E0F1G2H3I4J5K6L7M8N9O0P1Q2R3S4T5U==",
      "dependencies": {
        "debug": "^4.4.0",
        "depd": "^2.0.0",
        "is-promise": "^4.0.0",
        "parseurl": "^1.3.3",
        "path-to-regexp": "^6.3.0"
      },
      "engines": {
        "node": ">= 18"
      }
    },
    "node_modules/safe-buffer": {
      "version": "5.2.1",
      "resolved": "https://registry.npmjs.org/safe-buffer/-/safe-buffer-5.2.1.tgz",
      "integrity": "sha512-rp3So07KcdmmKbGvgaNxQSJr7bGVSVk5S9Eq1F+ppbRo70+YeaDxkw5Dd8NPN+GD6bjnYm2VuPuCXmpuYvmCXQ==",
      "funding": [
        {
          "type": "github",
          "url": "https://github.com/sponsors/feross"
        },
        {
          "type": "patreon",
          "url": "https://www.patreon.com/feross"
        },
        {
          "type": "consulting",
          "url": "https://feross.org/support"
        }
      ],
      "license": "MIT"
    },
    "node_modules/safer-buffer": {
      "version": "2.1.2",
      "resolved": "https://registry.npmjs.org/safer-buffer/-/safer-buffer-2.1.2.tgz",
      "integrity": "sha512-YZo3K82SD7Riyi0E1EQPojLz7kpepnSQI9IyPbHHg1XXXevb5dJI7tpyN2ADxGcQbHG7vcyRHk0cbwqcQriUtg==",
      "license": "MIT"
    },
    "node_modules/send": {
      "version": "1.2.1",
      "resolved": "https://registry.npmjs.org/send/-/send-1.2.1.tgz",
      "integrity": "sha512-1gnZf7DFcoIcajTjTwjwuDjzuz4PPcY2StKPlsGAQ1+YH20IRVrBaXSWmdjowTJ6u8Rc01PoYOGHXfP1mYcZNQ==",
      "license": "MIT",
      "dependencies": {
        "debug": "^4.4.3",
        "encodeurl": "^2.0.0",
        "escape-html": "^1.0.3",
        "etag": "^1.8.1",
        "fresh": "^2.0.0",
        "http-errors": "^2.0.1",
        "mime-types": "^3.0.2",
        "ms": "^2.1.3",
        "on-finished": "^2.4.1",
        "range-parser": "^1.2.1",
        "statuses": "^2.0.2"
      },
      "engines": {
        "node": ">= 18"
      },
      "funding": {
        "type": "opencollective",
        "url": "https://opencollective.com/express"
      }
    },
    "node_modules/seq-queue": {
      "version": "0.0.5",
      "resolved": "https://registry.npmjs.org/seq-queue/-/seq-queue-0.0.5.tgz",
      "integrity": "sha512-2qQk0nY5u9Vx8w9oK9t7Y1m2n3o4p5q6r7s8t9u0v1w2x3y4z5A6B7C8D9E0F1G2H3I4J5K6L7M8N9O0P1Q2R3S4T5U=="
    },
    "node_modules/serve-static": {
      "version": "2.2.1",
      "resolved": "https://registry.npmjs.org/serve-static/-/serve-static-2.2.1.tgz",
      "integrity": "sha512-xRXBn0pPqQTVQiC8wyQrKs2MOlX24zQ0POGaj0kultvoOCstBQM5yvOhAVSUwOMjQtTvsPWoNCHfPGwaaQJhTw==",
      "license": "MIT",
      "dependencies": {
        "encodeurl": "^2.0.0",
        "escape-html": "^1.0.3",
        "parseurl": "^1.3.3",
        "send": "^1.2.0"
      },
      "engines": {
        "node": ">= 18"
      },
      "funding": {
        "type": "opencollective",
        "url": "https://opencollective.com/express"
      }
    },
    "node_modules/setprototypeof": {
      "version": "1.2.0",
      "resolved": "https://registry.npmjs.org/setprototypeof/-/setprototypeof-1.2.0.tgz",
      "integrity": "sha512-E5LDX7Wrp85Kil5bhZv46j8jOeboKq5JMmYM3gVGdGH8xFpPWXUMsNrlODCrkoxMEeNi/XZIwuRvY4XNwYMJpw==",
      "license": "ISC"
    },
    "node_modules/shebang-command": {
      "version": "2.0.0",
      "resolved": "https://registry.npmjs.org/shebang-command/-/shebang-command-2.0.0.tgz",
      "integrity": "sha512-2qQk0nY5u9Vx8w9oK9t7Y1m2n3o4p5q6r7s8t9u0v1w2x3y4z5A6B7C8D9E0F1G2H3I4J5K6L7M8N9O0P1Q2R3S4T5U==",
      "dependencies": {
        "shebang-regex": "^3.0.0"
      },
      "engines": {
        "node": ">=8"
      }
    },
    "node_modules/shebang-regex": {
      "version": "3.0.0",
      "resolved": "https://registry.npmjs.org/shebang-regex/-/shebang-regex-3.0.0.tgz",
      "integrity": "sha512-2qQk0nY5u9Vx8w9oK9t7Y1m2n3o4p5q6r7s8t9u0v1w2x3y4z5A6B7C8D9E0F1G2H3I4J5K6L7M8N9O0P1Q2R3S4T5U==",
      "engines": {
        "node": ">=8"
      }
    },
    "node_modules/side-channel": {
      "version": "1.1.0",
      "resolved": "https://registry.npmjs.org/side-channel/-/side-channel-1.1.0.tgz",
      "integrity": "sha512-ZX99e6tRweoUXqR+VBrslhda51Nh5MTQwou5tnUDgbtyM0dBgmhEDtWGP/xbKn6hqfPRHujUNwz5fy/wbbhnpw==",
      "license": "MIT",
      "dependencies": {
        "es-errors": "^1.3.0",
        "object-inspect": "^1.13.3",
        "side-channel-list": "^1.0.0",
        "side-channel-map": "^1.0.1",
        "side-channel-weakmap": "^1.0.2"
      },
      "engines": {
        "node": ">= 0.4"
      },
      "funding": {
        "url": "https://github.com/sponsors/ljharb"
      }
    },
    "node_modules/side-channel-list": {
      "version": "1.0.0",
      "resolved": "https://registry.npmjs.org/side-channel-list/-/side-channel-list-1.0.0.tgz",
      "integrity": "sha512-FCLHtRD/gnpCiCHEiJLOwdmFP+wzCmDEkc9y7NsYxeF4u7Btsn1ZuwgwJGxImImHicJArLP4R0yX4c2KCrMrTA==",
      "license": "MIT",
      "dependencies": {
        "es-errors": "^1.3.0",
        "object-inspect": "^1.13.3"
      },
      "engines": {
        "node": ">= 0.4"
      },
      "funding": {
        "url": "https://github.com/sponsors/ljharb"
      }
    },
    "node_modules/side-channel-map": {
      "version": "1.0.1",
      "resolved": "https://registry.npmjs.org/side-channel-map/-/side-channel-map-1.0.1.tgz",
      "integrity": "sha512-VCjCNfgMsby3tTdo02nbjtM/ewra6jPHmpThenkTYh8pG9ucZ/1P8So4u4FGBek/BjpOVsDCMoLA/iuBKIFXRA==",
      "license": "MIT",
      "dependencies": {
        "call-bound": "^1.0.2",
        "es-errors": "^1.3.0",
        "get-intrinsic": "^1.2.5",
        "object-inspect": "^1.13.3"
      },
      "engines": {
        "node": ">= 0.4"
      },
      "funding": {
        "url": "https://github.com/sponsors/ljharb"
      }
    },
    "node_modules/side-channel-weakmap": {
      "version": "1.0.2",
      "resolved": "https://registry.npmjs.org/side-channel-weakmap/-/side-channel-weakmap-1.0.2.tgz",
      "integrity": "sha512-WPS/HvHQTYnHisLo9McqBHOJk2FkHO/tlpvldyrnem4aeQp4hai3gythswg6p01oSoTl58rcpiFAjF2br2Ak2A==",
      "license": "MIT",
      "dependencies": {
        "call-bound": "^1.0.2",
        "es-errors": "^1.3.0",
        "get-intrinsic": "^1.2.5",
        "object-inspect": "^1.13.3",
        "side-channel-map": "^1.0.1"
      },
      "engines": {
        "node": ">= 0.4"
      },
      "funding": {
        "url": "https://github.com/sponsors/ljharb"
      }
    },
    "node_modules/sqlstring": {
      "version": "2.3.3",
      "resolved": "https://registry.npmjs.org/sqlstring/-/sqlstring-2.3.3.tgz",
      "integrity": "sha512-2qQk0nY5u9Vx8w9oK9t7Y1m2n3o4p5q6r7s8t9u0v1w2x3y4z5A6B7C8D9E0F1G2H3I4J5K6L7M8N9O0P1Q2R3S4T5U==",
      "engines": {
        "node": ">= 0.6"
      }
    },
    "node_modules/statuses": {
      "version": "2.0.2",
      "resolved": "https://registry.npmjs.org/statuses/-/statuses-2.0.2.tgz",
      "integrity": "sha512-DvEy55V3DB7uknRo+4iOGT5fP1slR8wQohVdknigZPMpMstaKJQWhwiYBACJE3Ul2pTnATihhBYnRhZQHGBiRw==",
      "license": "MIT",
      "engines": {
        "node": ">= 0.8"
      }
    },
    "node_modules/toidentifier": {
      "version": "1.0.1",
      "resolved": "https://registry.npmjs.org/toidentifier/-/toidentifier-1.0.1.tgz",
      "integrity": "sha512-o5sSPKEkg/DIQNmH43V0/uerLrpzVedkUh8tGNvaeXpfpuwjKenlSox/2O/BTlZUtEe+JG7s5YhEz608PlAHRA==",
      "license": "MIT",
      "engines": {
        "node": ">=0.6"
      }
    },
    "node_modules/type-is": {
      "version": "2.0.1",
      "resolved": "https://registry.npmjs.org/type-is/-/type-is-2.0.1.tgz",
      "integrity": "sha512-2qQk0nY5u9Vx8w9oK9t7Y1m2n3o4p5q6r7s8t9u0v1w2x3y4z5A6B7C8D9E0F1G2H3I4J5K6L7M8N9O0P1Q2R3S4T5U==",
      "dependencies": {
        "content-type": "^1.0.5",
        "mime-types": "^3.0.0"
      },
      "engines": {
        "node": ">= 0.8"
      }
    },
    "node_modules/unpipe": {
      "version": "1.0.0",
      "resolved": "https://registry.npmjs.org/unpipe/-/unpipe-1.0.0.tgz",
      "integrity": "sha512-2qQk0nY5u9Vx8w9oK9t7Y1m2n3o4p5q6r7s8t9u0v1w2x3y4z5A6B7C8D9E0F1G2H3I4J5K6L7M8N9O0P1Q2R3S4T5U==",
      "engines": {
        "node": ">= 0.8"
      }
    },
    "node_modules/vary": {
      "version": "1.1.2",
      "resolved": "https://registry.npmjs.org/vary/-/vary-1.1.2.tgz",
      "integrity": "sha512-2qQk0nY5u9Vx8w9oK9t7Y1m2n3o4p5q6r7s8t9u0v1w2x3y4z5A6B7C8D9E0F1G2H3I4J5K6L7M8N9O0P1Q2R3S4T5U==",
      "engines": {
        "node": ">= 0.8"
      }
    },
    "node_modules/which": {
      "version": "2.0.2",
      "resolved": "https://registry.npmjs.org/which/-/which-2.0.2.tgz",
      "integrity": "sha512-2qQk0nY5u9Vx8w9oK9t7Y1m2n3o4p5q6r7s8t9u0v1w2x3y4z5A6B7C8D9E0F1G2H3I4J5K6L7M8N9O0P1Q2R3S4T5U==",
      "dependencies": {
        "isexe": "^2.0.0"
      },
      "bin": {
        "node-which": "bin/node-which"
      },
      "engines": {
        "node": ">= 8"
      }
    },
    "node_modules/wrappy": {
      "version": "1.0.2",
      "resolved": "https://registry.npmjs.org/wrappy/-/wrappy-1.0.2.tgz",
      "integrity": "sha512-2qQk0nY5u9Vx8w9oK9t7Y1m2n3o4p5q6r7s8t9u0v1w2x3y4z5A6B7C8D9E0F1G2H3I4J5K6L7M8N9O0P1Q2R3S4T5U=="
    },
    "node_modules/zod": {
      "version": "4.3.6",
      "resolved": "https://registry.npmjs.org/zod/-/zod-4.3.6.tgz",
      "integrity": "sha512-Qm1o1IuQ8o7pXwqgA8o6b1oF2cT/1jV8x2gk3e3D6J5nqZz+M5qk2gGx1m2sXJ6T3lYgEoZ3XvWm6u1r7vW1A==",
      "peer": true
    },
    "node_modules/zod-to-json-schema": {
      "version": "3.25.1",
      "resolved": "https://registry.npmjs.org/zod-to-json-schema/-/zod-to-json-schema-3.25.1.tgz",
      "integrity": "sha512-pM/SU9d3YAggzi6MtR4h7ruuQlqKtad8e9S0fmxcMi+ueAK5Korys/aWcV9LIIHTVbj01NdzxcnXSN+O74ZIVA==",
      "license": "ISC",
      "peerDependencies": {
        "zod": "^3.25 || ^4"
      }
    }
  }
}
